
Microsoft Visual Studio Solution File, Format Version 12.00
# Visual Studio Version 17
VisualStudioVersion = 17.10.35013.160
MinimumVisualStudioVersion = 10.0.40219.1
Project("{FAE04EC0-301F-11D3-BF4B-00C04F79EFBC}") = "Free video player", "Free video player.csproj", "{76CBCD46-9283-4610-A505-9AC560485473}"
EndProject
Global
	GlobalSection(SolutionConfigurationPlatforms) = preSolution
		Debug|Any CPU = Debug|Any CPU
		Release|Any CPU = Release|Any CPU
	EndGlobalSection
	GlobalSection(ProjectConfigurationPlatforms) = postSolution
		{76CBCD46-9283-4610-A505-9AC560485473}.Debug|Any CPU.ActiveCfg = Debug|Any CPU
		{76CBCD46-9283-4610-A505-9AC560485473}.Debug|Any CPU.Build.0 = Debug|Any CPU
		{76CBCD46-9283-4610-A505-9AC560485473}.Release|Any CPU.ActiveCfg = Release|Any CPU
		{76CBCD46-9283-4610-A505-9AC560485473}.Release|Any CPU.Build.0 = Release|Any CPU
	EndGlobalSection
	GlobalSection(SolutionProperties) = preSolution
		HideSolutionNode = FALSE
	EndGlobalSection
	GlobalSection(ExtensibilityGlobals) = postSolution
		SolutionGuid = {5CB30F77-CFFF-4F36-9621-C8313A35167F}
	EndGlobalSection
EndGlobal
